{
  "name": "km",
  "version": "1.0.0",
  "lockfileVersion": 1,
  "requires": true,
  "dependencies": {
    "k-medoids": {
      "version": "1.0.6",
      "resolved": "https://registry.npmjs.org/k-medoids/-/k-medoids-1.0.6.tgz",
      "integrity": "sha512-vqej8pVmQVIbGSii/T+sQNU6vYQFhn9OpvRRfoDgdaGOM2NWojOCgzRTYF7UVbGYG009cl9zm8qeOJQOWNHR9g=="
    }
  }
}
